        "@mysten/sui": "^0.54.1",
        "@mysten/sui": "^0.54.1",
    "backend/node_modules/@mysten/sui": {
      "version": "0.54.1",
      "resolved": "https://registry.npmjs.org/@mysten/sui/-/sui-0.54.1.tgz",
      "integrity": "sha512-TSmGIX7U9O/uS9EKIQdv7/S69KTbBhMJVelXCafJE6IJw8iB9cN9uLu0+uklkBSDrbRmLSEY70jMr3uRFjReIg==",
        "@graphql-typed-document-node/core": "^3.2.0",
        "@mysten/bcs": "0.11.1",
        "bech32": "^2.0.0",
        "gql.tada": "^1.7.0",
        "graphql": "^16.8.1",
        "@mysten/sui": "^0.54.1",
    "frontend/node_modules/@mysten/sui": {
      "version": "0.54.1",
      "resolved": "https://registry.npmjs.org/@mysten/sui/-/sui-0.54.1.tgz",
      "integrity": "sha512-TSmGIX7U9O/uS9EKIQdv7/S69KTbBhMJVelXCafJE6IJw8iB9cN9uLu0+uklkBSDrbRmLSEY70jMr3uRFjReIg==",
        "@graphql-typed-document-node/core": "^3.2.0",
        "@mysten/bcs": "0.11.1",
        "bech32": "^2.0.0",
        "gql.tada": "^1.7.0",
        "graphql": "^16.8.1",
    "node_modules/@mysten/sui": {
      "resolved": "https://registry.npmjs.org/@mysten/sui/-/sui-0.54.1.tgz",
    "node_modules/@mysten/sui/node_modules/@mysten/bcs": {
